
Microsoft Visual Studio Solution File, Format Version 12.00
# Visual Studio Version 17
VisualStudioVersion = 17.12.35309.182
MinimumVisualStudioVersion = 10.0.40219.1
Project("{9A19103F-16F7-4668-BE54-9A1E7A4F7556}") = "Backend", "src\Backend\Backend.csproj", "{431CE566-3471-48B6-AAF4-8996614F09BA}"
EndProject
Project("{9A19103F-16F7-4668-BE54-9A1E7A4F7556}") = "Client", "src\Client\Client.csproj", "{9C39774A-5A22-47B0-9FED-CB309D7DF657}"
EndProject
Project("{2150E333-8FDC-42A3-9474-1A3956D46DE8}") = "src", "src", "{049AD55F-1E83-4AAD-BB44-119B1372A6DC}"
EndProject
Project("{2150E333-8FDC-42A3-9474-1A3956D46DE8}") = "Solution Items", "Solution Items", "{1CEEA0C1-63CA-4DBD-9F16-F6660320116E}"
	ProjectSection(SolutionItems) = preProject
		.dockerignore = .dockerignore
		.editorconfig = .editorconfig
		Dependencies.props = Dependencies.props
		Directory.Packages.props = Directory.Packages.props
		exclusion.dic = exclusion.dic
		global.json = global.json
		NuGet.config = NuGet.config
	EndProjectSection
EndProject
Project("{9A19103F-16F7-4668-BE54-9A1E7A4F7556}") = "Api", "src\Api\Api.csproj", "{DD391A94-DDB6-4326-B777-2E31640D4B66}"
EndProject
Project("{9A19103F-16F7-4668-BE54-9A1E7A4F7556}") = "AppHost", "src\AppHost\AppHost.csproj", "{B187140F-51E7-4B6C-AB8D-A03011CAD388}"
EndProject
Project("{9A19103F-16F7-4668-BE54-9A1E7A4F7556}") = "ServiceDefaults", "src\ServiceDefaults\ServiceDefaults.csproj", "{62F3049E-B24F-431C-9E54-C889C1CF2EA3}"
EndProject
Project("{2150E333-8FDC-42A3-9474-1A3956D46DE8}") = "Aspire", "Aspire", "{E32BE575-A0AB-47C5-9410-AA2AA1428787}"
EndProject
Project("{2150E333-8FDC-42A3-9474-1A3956D46DE8}") = "tests", "tests", "{88DC36C6-C390-4067-B89A-E0D73BF2E34E}"
EndProject
Project("{9A19103F-16F7-4668-BE54-9A1E7A4F7556}") = "Tests", "test\Tests\Tests.csproj", "{8DF89803-53CE-4656-A1AF-6F53B54E1D5F}"
EndProject
Project("{FAE04EC0-301F-11D3-BF4B-00C04F79EFBC}") = "Worker", "src\Worker\Worker.csproj", "{DCA1C0E4-CE48-4E47-85BE-53C60B80E3AB}"
EndProject
Global
	GlobalSection(SolutionConfigurationPlatforms) = preSolution
		Debug|Any CPU = Debug|Any CPU
		Release|Any CPU = Release|Any CPU
	EndGlobalSection
	GlobalSection(ProjectConfigurationPlatforms) = postSolution
		{431CE566-3471-48B6-AAF4-8996614F09BA}.Debug|Any CPU.ActiveCfg = Debug|Any CPU
		{431CE566-3471-48B6-AAF4-8996614F09BA}.Debug|Any CPU.Build.0 = Debug|Any CPU
		{431CE566-3471-48B6-AAF4-8996614F09BA}.Release|Any CPU.ActiveCfg = Release|Any CPU
		{431CE566-3471-48B6-AAF4-8996614F09BA}.Release|Any CPU.Build.0 = Release|Any CPU
		{9C39774A-5A22-47B0-9FED-CB309D7DF657}.Debug|Any CPU.ActiveCfg = Debug|Any CPU
		{9C39774A-5A22-47B0-9FED-CB309D7DF657}.Debug|Any CPU.Build.0 = Debug|Any CPU
		{9C39774A-5A22-47B0-9FED-CB309D7DF657}.Release|Any CPU.ActiveCfg = Release|Any CPU
		{9C39774A-5A22-47B0-9FED-CB309D7DF657}.Release|Any CPU.Build.0 = Release|Any CPU
		{DD391A94-DDB6-4326-B777-2E31640D4B66}.Debug|Any CPU.ActiveCfg = Debug|Any CPU
		{DD391A94-DDB6-4326-B777-2E31640D4B66}.Debug|Any CPU.Build.0 = Debug|Any CPU
		{DD391A94-DDB6-4326-B777-2E31640D4B66}.Release|Any CPU.ActiveCfg = Release|Any CPU
		{DD391A94-DDB6-4326-B777-2E31640D4B66}.Release|Any CPU.Build.0 = Release|Any CPU
		{B187140F-51E7-4B6C-AB8D-A03011CAD388}.Debug|Any CPU.ActiveCfg = Debug|Any CPU
		{B187140F-51E7-4B6C-AB8D-A03011CAD388}.Debug|Any CPU.Build.0 = Debug|Any CPU
		{B187140F-51E7-4B6C-AB8D-A03011CAD388}.Release|Any CPU.ActiveCfg = Release|Any CPU
		{B187140F-51E7-4B6C-AB8D-A03011CAD388}.Release|Any CPU.Build.0 = Release|Any CPU
		{62F3049E-B24F-431C-9E54-C889C1CF2EA3}.Debug|Any CPU.ActiveCfg = Debug|Any CPU
		{62F3049E-B24F-431C-9E54-C889C1CF2EA3}.Debug|Any CPU.Build.0 = Debug|Any CPU
		{62F3049E-B24F-431C-9E54-C889C1CF2EA3}.Release|Any CPU.ActiveCfg = Release|Any CPU
		{62F3049E-B24F-431C-9E54-C889C1CF2EA3}.Release|Any CPU.Build.0 = Release|Any CPU
		{8DF89803-53CE-4656-A1AF-6F53B54E1D5F}.Debug|Any CPU.ActiveCfg = Debug|Any CPU
		{8DF89803-53CE-4656-A1AF-6F53B54E1D5F}.Debug|Any CPU.Build.0 = Debug|Any CPU
		{8DF89803-53CE-4656-A1AF-6F53B54E1D5F}.Release|Any CPU.ActiveCfg = Release|Any CPU
		{8DF89803-53CE-4656-A1AF-6F53B54E1D5F}.Release|Any CPU.Build.0 = Release|Any CPU
		{DCA1C0E4-CE48-4E47-85BE-53C60B80E3AB}.Debug|Any CPU.ActiveCfg = Debug|Any CPU
		{DCA1C0E4-CE48-4E47-85BE-53C60B80E3AB}.Debug|Any CPU.Build.0 = Debug|Any CPU
		{DCA1C0E4-CE48-4E47-85BE-53C60B80E3AB}.Release|Any CPU.ActiveCfg = Release|Any CPU
		{DCA1C0E4-CE48-4E47-85BE-53C60B80E3AB}.Release|Any CPU.Build.0 = Release|Any CPU
	EndGlobalSection
	GlobalSection(SolutionProperties) = preSolution
		HideSolutionNode = FALSE
	EndGlobalSection
	GlobalSection(NestedProjects) = preSolution
		{431CE566-3471-48B6-AAF4-8996614F09BA} = {049AD55F-1E83-4AAD-BB44-119B1372A6DC}
		{9C39774A-5A22-47B0-9FED-CB309D7DF657} = {049AD55F-1E83-4AAD-BB44-119B1372A6DC}
		{DD391A94-DDB6-4326-B777-2E31640D4B66} = {049AD55F-1E83-4AAD-BB44-119B1372A6DC}
		{B187140F-51E7-4B6C-AB8D-A03011CAD388} = {E32BE575-A0AB-47C5-9410-AA2AA1428787}
		{62F3049E-B24F-431C-9E54-C889C1CF2EA3} = {E32BE575-A0AB-47C5-9410-AA2AA1428787}
		{E32BE575-A0AB-47C5-9410-AA2AA1428787} = {049AD55F-1E83-4AAD-BB44-119B1372A6DC}
		{8DF89803-53CE-4656-A1AF-6F53B54E1D5F} = {88DC36C6-C390-4067-B89A-E0D73BF2E34E}
		{DCA1C0E4-CE48-4E47-85BE-53C60B80E3AB} = {E32BE575-A0AB-47C5-9410-AA2AA1428787}
	EndGlobalSection
	GlobalSection(ExtensibilityGlobals) = postSolution
		SolutionGuid = {25D4B6C6-66AC-40EE-B86D-AA69998A267B}
	EndGlobalSection
EndGlobal
